
Microsoft Visual Studio Solution File, Format Version 12.00
# Visual Studio 15
VisualStudioVersion = 15.0.27130.2036
MinimumVisualStudioVersion = 10.0.40219.1
Project("{FAE04EC0-301F-11D3-BF4B-00C04F79EFBC}") = "MQTT", "MQTT\MQTT.csproj", "{F459DB12-8B1C-4795-9F81-A75F299C02F1}"
EndProject
Global
	GlobalSection(SolutionConfigurationPlatforms) = preSolution
		Debug|Any CPU = Debug|Any CPU
		Release|Any CPU = Release|Any CPU
	EndGlobalSection
	GlobalSection(ProjectConfigurationPlatforms) = postSolution
		{F459DB12-8B1C-4795-9F81-A75F299C02F1}.Debug|Any CPU.ActiveCfg = Debug|Any CPU
		{F459DB12-8B1C-4795-9F81-A75F299C02F1}.Debug|Any CPU.Build.0 = Debug|Any CPU
		{F459DB12-8B1C-4795-9F81-A75F299C02F1}.Release|Any CPU.ActiveCfg = Release|Any CPU
		{F459DB12-8B1C-4795-9F81-A75F299C02F1}.Release|Any CPU.Build.0 = Release|Any CPU
	EndGlobalSection
	GlobalSection(SolutionProperties) = preSolution
		HideSolutionNode = FALSE
	EndGlobalSection
	GlobalSection(ExtensibilityGlobals) = postSolution
		SolutionGuid = {2D152F86-A9BC-4C2D-8628-D8C7ED7F3C8E}
	EndGlobalSection
EndGlobal
